// !$*UTF8*$!
{
	archiveVersion = 1;
	classes = {
	};
	objectVersion = 56;
	objects = {

/* Begin PBXBuildFile section */
		354B75F429884C0000EE89F3 /* PokemonPresenter.swift in Sources */ = {isa = PBXBuildFile; fileRef = 354B75F329884C0000EE89F3 /* PokemonPresenter.swift */; };
		354B75F829884C4600EE89F3 /* PokemonInteractor.swift in Sources */ = {isa = PBXBuildFile; fileRef = 354B75F729884C4600EE89F3 /* PokemonInteractor.swift */; };
		F630887E298AC7530045DE39 /* PokemonDetailPresenter.swift in Sources */ = {isa = PBXBuildFile; fileRef = F630887D298AC7530045DE39 /* PokemonDetailPresenter.swift */; };
		F65500622933ED1B001BFB8A /* PokemomDetail.storyboard in Resources */ = {isa = PBXBuildFile; fileRef = F65500612933ED1B001BFB8A /* PokemomDetail.storyboard */; };
		F65500642933ED43001BFB8A /* PokemonDetailController.swift in Sources */ = {isa = PBXBuildFile; fileRef = F65500632933ED43001BFB8A /* PokemonDetailController.swift */; };
		F655006629342F15001BFB8A /* StatData.swift in Sources */ = {isa = PBXBuildFile; fileRef = F655006529342F15001BFB8A /* StatData.swift */; };
		F655006829342F7F001BFB8A /* Stat.swift in Sources */ = {isa = PBXBuildFile; fileRef = F655006729342F7F001BFB8A /* Stat.swift */; };
		F65F56B3293521210051FFF8 /* PokemonStats.swift in Sources */ = {isa = PBXBuildFile; fileRef = F65F56B2293521210051FFF8 /* PokemonStats.swift */; };
		F677DA612931308D00C862BE /* AppDelegate.swift in Sources */ = {isa = PBXBuildFile; fileRef = F677DA602931308D00C862BE /* AppDelegate.swift */; };
		F677DA632931308D00C862BE /* SceneDelegate.swift in Sources */ = {isa = PBXBuildFile; fileRef = F677DA622931308D00C862BE /* SceneDelegate.swift */; };
		F677DA652931308D00C862BE /* PokemonHomeViewController.swift in Sources */ = {isa = PBXBuildFile; fileRef = F677DA642931308D00C862BE /* PokemonHomeViewController.swift */; };
		F677DA682931308D00C862BE /* Main.storyboard in Resources */ = {isa = PBXBuildFile; fileRef = F677DA662931308D00C862BE /* Main.storyboard */; };
		F677DA6A2931308E00C862BE /* Assets.xcassets in Resources */ = {isa = PBXBuildFile; fileRef = F677DA692931308E00C862BE /* Assets.xcassets */; };
		F677DA6D2931308E00C862BE /* LaunchScreen.storyboard in Resources */ = {isa = PBXBuildFile; fileRef = F677DA6B2931308E00C862BE /* LaunchScreen.storyboard */; };
		F677DA78293130D600C862BE /* PokemonData.swift in Sources */ = {isa = PBXBuildFile; fileRef = F677DA77293130D600C862BE /* PokemonData.swift */; };
		F677DA7A293130F400C862BE /* Pokemons.swift in Sources */ = {isa = PBXBuildFile; fileRef = F677DA79293130F400C862BE /* Pokemons.swift */; };
		F677DA7C2931332700C862BE /* ExtensionDataSource.swift in Sources */ = {isa = PBXBuildFile; fileRef = F677DA7B2931332700C862BE /* ExtensionDataSource.swift */; };
		F677DA7E2931341100C862BE /* PokemonDetailCell.swift in Sources */ = {isa = PBXBuildFile; fileRef = F677DA7D2931341100C862BE /* PokemonDetailCell.swift */; };
		F6A2C0CB2989927A001E08C5 /* PokemonDetailInteractor.swift in Sources */ = {isa = PBXBuildFile; fileRef = F6A2C0CA2989927A001E08C5 /* PokemonDetailInteractor.swift */; };
/* End PBXBuildFile section */

/* Begin PBXFileReference section */
		354B75F329884C0000EE89F3 /* PokemonPresenter.swift */ = {isa = PBXFileReference; lastKnownFileType = sourcecode.swift; path = PokemonPresenter.swift; sourceTree = "<group>"; };
		354B75F729884C4600EE89F3 /* PokemonInteractor.swift */ = {isa = PBXFileReference; lastKnownFileType = sourcecode.swift; path = PokemonInteractor.swift; sourceTree = "<group>"; };
		F630887D298AC7530045DE39 /* PokemonDetailPresenter.swift */ = {isa = PBXFileReference; lastKnownFileType = sourcecode.swift; path = PokemonDetailPresenter.swift; sourceTree = "<group>"; };
		F65500612933ED1B001BFB8A /* PokemomDetail.storyboard */ = {isa = PBXFileReference; lastKnownFileType = file.storyboard; path = PokemomDetail.storyboard; sourceTree = "<group>"; };
		F65500632933ED43001BFB8A /* PokemonDetailController.swift */ = {isa = PBXFileReference; lastKnownFileType = sourcecode.swift; path = PokemonDetailController.swift; sourceTree = "<group>"; };
		F655006529342F15001BFB8A /* StatData.swift */ = {isa = PBXFileReference; lastKnownFileType = sourcecode.swift; path = StatData.swift; sourceTree = "<group>"; };
		F655006729342F7F001BFB8A /* Stat.swift */ = {isa = PBXFileReference; lastKnownFileType = sourcecode.swift; path = Stat.swift; sourceTree = "<group>"; };
		F65F56B2293521210051FFF8 /* PokemonStats.swift */ = {isa = PBXFileReference; lastKnownFileType = sourcecode.swift; path = PokemonStats.swift; sourceTree = "<group>"; };
		F677DA5D2931308D00C862BE /* Pokedex2.app */ = {isa = PBXFileReference; explicitFileType = wrapper.application; includeInIndex = 0; path = Pokedex2.app; sourceTree = BUILT_PRODUCTS_DIR; };
		F677DA602931308D00C862BE /* AppDelegate.swift */ = {isa = PBXFileReference; lastKnownFileType = sourcecode.swift; path = AppDelegate.swift; sourceTree = "<group>"; };
		F677DA622931308D00C862BE /* SceneDelegate.swift */ = {isa = PBXFileReference; lastKnownFileType = sourcecode.swift; path = SceneDelegate.swift; sourceTree = "<group>"; };
		F677DA642931308D00C862BE /* PokemonHomeViewController.swift */ = {isa = PBXFileReference; lastKnownFileType = sourcecode.swift; path = PokemonHomeViewController.swift; sourceTree = "<group>"; };
		F677DA672931308D00C862BE /* Base */ = {isa = PBXFileReference; lastKnownFileType = file.storyboard; name = Base; path = Base.lproj/Main.storyboard; sourceTree = "<group>"; };
		F677DA692931308E00C862BE /* Assets.xcassets */ = {isa = PBXFileReference; lastKnownFileType = folder.assetcatalog; path = Assets.xcassets; sourceTree = "<group>"; };
		F677DA6C2931308E00C862BE /* Base */ = {isa = PBXFileReference; lastKnownFileType = file.storyboard; name = Base; path = Base.lproj/LaunchScreen.storyboard; sourceTree = "<group>"; };
		F677DA6E2931308E00C862BE /* Info.plist */ = {isa = PBXFileReference; lastKnownFileType = text.plist.xml; path = Info.plist; sourceTree = "<group>"; };
		F677DA77293130D600C862BE /* PokemonData.swift */ = {isa = PBXFileReference; lastKnownFileType = sourcecode.swift; path = PokemonData.swift; sourceTree = "<group>"; };
		F677DA79293130F400C862BE /* Pokemons.swift */ = {isa = PBXFileReference; lastKnownFileType = sourcecode.swift; path = Pokemons.swift; sourceTree = "<group>"; };
		F677DA7B2931332700C862BE /* ExtensionDataSource.swift */ = {isa = PBXFileReference; lastKnownFileType = sourcecode.swift; path = ExtensionDataSource.swift; sourceTree = "<group>"; };
		F677DA7D2931341100C862BE /* PokemonDetailCell.swift */ = {isa = PBXFileReference; lastKnownFileType = sourcecode.swift; path = PokemonDetailCell.swift; sourceTree = "<group>"; };
		F6A2C0CA2989927A001E08C5 /* PokemonDetailInteractor.swift */ = {isa = PBXFileReference; lastKnownFileType = sourcecode.swift; path = PokemonDetailInteractor.swift; sourceTree = "<group>"; };
/* End PBXFileReference section */

/* Begin PBXFrameworksBuildPhase section */
		F677DA5A2931308D00C862BE /* Frameworks */ = {
			isa = PBXFrameworksBuildPhase;
			buildActionMask = 2147483647;
			files = (
			);
			runOnlyForDeploymentPostprocessing = 0;
		};
/* End PBXFrameworksBuildPhase section */

/* Begin PBXGroup section */
		F677DA542931308D00C862BE = {
			isa = PBXGroup;
			children = (
				F677DA5F2931308D00C862BE /* Pokedex2 */,
				F677DA5E2931308D00C862BE /* Products */,
			);
			sourceTree = "<group>";
		};
		F677DA5E2931308D00C862BE /* Products */ = {
			isa = PBXGroup;
			children = (
				F677DA5D2931308D00C862BE /* Pokedex2.app */,
			);
			name = Products;
			sourceTree = "<group>";
		};
		F677DA5F2931308D00C862BE /* Pokedex2 */ = {
			isa = PBXGroup;
			children = (
				F680556929884635000E7180 /* PokemonDetailController */,
				F6805565298844F9000E7180 /* Pokemon */,
				F677DA742931309600C862BE /* Data */,
				F677DA602931308D00C862BE /* AppDelegate.swift */,
				F677DA622931308D00C862BE /* SceneDelegate.swift */,
				F677DA692931308E00C862BE /* Assets.xcassets */,
				F677DA6B2931308E00C862BE /* LaunchScreen.storyboard */,
				F677DA6E2931308E00C862BE /* Info.plist */,
			);
			path = Pokedex2;
			sourceTree = "<group>";
		};
		F677DA742931309600C862BE /* Data */ = {
			isa = PBXGroup;
			children = (
				F680556B298846FD000E7180 /* Model */,
			);
			path = Data;
			sourceTree = "<group>";
		};
		F6805565298844F9000E7180 /* Pokemon */ = {
			isa = PBXGroup;
			children = (
				F680556629884510000E7180 /* View */,
				F677DA642931308D00C862BE /* PokemonHomeViewController.swift */,
				354B75F729884C4600EE89F3 /* PokemonInteractor.swift */,
				354B75F329884C0000EE89F3 /* PokemonPresenter.swift */,
				F677DA7B2931332700C862BE /* ExtensionDataSource.swift */,
			);
			path = Pokemon;
			sourceTree = "<group>";
		};
		F680556629884510000E7180 /* View */ = {
			isa = PBXGroup;
			children = (
				F677DA662931308D00C862BE /* Main.storyboard */,
			);
			path = View;
			sourceTree = "<group>";
		};
		F680556929884635000E7180 /* PokemonDetailController */ = {
			isa = PBXGroup;
			children = (
				F65500632933ED43001BFB8A /* PokemonDetailController.swift */,
				F6A2C0CA2989927A001E08C5 /* PokemonDetailInteractor.swift */,
				F630887D298AC7530045DE39 /* PokemonDetailPresenter.swift */,
				F680556A29884668000E7180 /* Views */,
			);
			path = PokemonDetailController;
			sourceTree = "<group>";
		};
		F680556A29884668000E7180 /* Views */ = {
			isa = PBXGroup;
			children = (
				F677DA7D2931341100C862BE /* PokemonDetailCell.swift */,
				F65500612933ED1B001BFB8A /* PokemomDetail.storyboard */,
			);
			path = Views;
			sourceTree = "<group>";
		};
		F680556B298846FD000E7180 /* Model */ = {
			isa = PBXGroup;
			children = (
				F677DA79293130F400C862BE /* Pokemons.swift */,
				F677DA77293130D600C862BE /* PokemonData.swift */,
				F65F56B2293521210051FFF8 /* PokemonStats.swift */,
				F655006729342F7F001BFB8A /* Stat.swift */,
				F655006529342F15001BFB8A /* StatData.swift */,
			);
			path = Model;
			sourceTree = "<group>";
		};
/* End PBXGroup section */

/* Begin PBXNativeTarget section */
		F677DA5C2931308D00C862BE /* Pokedex2 */ = {
			isa = PBXNativeTarget;
			buildConfigurationList = F677DA712931308E00C862BE /* Build configuration list for PBXNativeTarget "Pokedex2" */;
			buildPhases = (
				F677DA592931308D00C862BE /* Sources */,
				F677DA5A2931308D00C862BE /* Frameworks */,
				F677DA5B2931308D00C862BE /* Resources */,
			);
			buildRules = (
			);
			dependencies = (
			);
			name = Pokedex2;
			productName = Pokedex2;
			productReference = F677DA5D2931308D00C862BE /* Pokedex2.app */;
			productType = "com.apple.product-type.application";
		};
/* End PBXNativeTarget section */

/* Begin PBXProject section */
		F677DA552931308D00C862BE /* Project object */ = {
			isa = PBXProject;
			attributes = {
				BuildIndependentTargetsInParallel = 1;
				LastSwiftUpdateCheck = 1400;
				LastUpgradeCheck = 1400;
				TargetAttributes = {
					F677DA5C2931308D00C862BE = {
						CreatedOnToolsVersion = 14.0.1;
					};
				};
			};
			buildConfigurationList = F677DA582931308D00C862BE /* Build configuration list for PBXProject "Pokedex2" */;
			compatibilityVersion = "Xcode 14.0";
			developmentRegion = en;
			hasScannedForEncodings = 0;
			knownRegions = (
				en,
				Base,
			);
			mainGroup = F677DA542931308D00C862BE;
			productRefGroup = F677DA5E2931308D00C862BE /* Products */;
			projectDirPath = "";
			projectRoot = "";
			targets = (
				F677DA5C2931308D00C862BE /* Pokedex2 */,
			);
		};
/* End PBXProject section */

/* Begin PBXResourcesBuildPhase section */
		F677DA5B2931308D00C862BE /* Resources */ = {
			isa = PBXResourcesBuildPhase;
			buildActionMask = 2147483647;
			files = (
				F677DA6D2931308E00C862BE /* LaunchScreen.storyboard in Resources */,
				F677DA6A2931308E00C862BE /* Assets.xcassets in Resources */,
				F65500622933ED1B001BFB8A /* PokemomDetail.storyboard in Resources */,
				F677DA682931308D00C862BE /* Main.storyboard in Resources */,
			);
			runOnlyForDeploymentPostprocessing = 0;
		};
/* End PBXResourcesBuildPhase section */

/* Begin PBXSourcesBuildPhase section */
		F677DA592931308D00C862BE /* Sources */ = {
			isa = PBXSourcesBuildPhase;
			buildActionMask = 2147483647;
			files = (
				F655006629342F15001BFB8A /* StatData.swift in Sources */,
				354B75F429884C0000EE89F3 /* PokemonPresenter.swift in Sources */,
				F655006829342F7F001BFB8A /* Stat.swift in Sources */,
				F65F56B3293521210051FFF8 /* PokemonStats.swift in Sources */,
				F677DA7C2931332700C862BE /* ExtensionDataSource.swift in Sources */,
				354B75F829884C4600EE89F3 /* PokemonInteractor.swift in Sources */,
				F677DA652931308D00C862BE /* PokemonHomeViewController.swift in Sources */,
				F677DA612931308D00C862BE /* AppDelegate.swift in Sources */,
				F677DA7A293130F400C862BE /* Pokemons.swift in Sources */,
				F677DA7E2931341100C862BE /* PokemonDetailCell.swift in Sources */,
				F677DA78293130D600C862BE /* PokemonData.swift in Sources */,
				F630887E298AC7530045DE39 /* PokemonDetailPresenter.swift in Sources */,
				F677DA632931308D00C862BE /* SceneDelegate.swift in Sources */,
				F65500642933ED43001BFB8A /* PokemonDetailController.swift in Sources */,
				F6A2C0CB2989927A001E08C5 /* PokemonDetailInteractor.swift in Sources */,
			);
			runOnlyForDeploymentPostprocessing = 0;
		};
/* End PBXSourcesBuildPhase section */

/* Begin PBXVariantGroup section */
		F677DA662931308D00C862BE /* Main.storyboard */ = {
			isa = PBXVariantGroup;
			children = (
				F677DA672931308D00C862BE /* Base */,
			);
			name = Main.storyboard;
			sourceTree = "<group>";
		};
		F677DA6B2931308E00C862BE /* LaunchScreen.storyboard */ = {
			isa = PBXVariantGroup;
			children = (
				F677DA6C2931308E00C862BE /* Base */,
			);
			name = LaunchScreen.storyboard;
			sourceTree = "<group>";
		};
/* End PBXVariantGroup section */

/* Begin XCBuildConfiguration section */
		F677DA6F2931308E00C862BE /* Debug */ = {
			isa = XCBuildConfiguration;
			buildSettings = {
				ALWAYS_SEARCH_USER_PATHS = NO;
				CLANG_ANALYZER_NONNULL = YES;
				CLANG_ANALYZER_NUMBER_OBJECT_CONVERSION = YES_AGGRESSIVE;
				CLANG_CXX_LANGUAGE_STANDARD = "gnu++20";
				CLANG_ENABLE_MODULES = YES;
				CLANG_ENABLE_OBJC_ARC = YES;
				CLANG_ENABLE_OBJC_WEAK = YES;
				CLANG_WARN_BLOCK_CAPTURE_AUTORELEASING = YES;
				CLANG_WARN_BOOL_CONVERSION = YES;
				CLANG_WARN_COMMA = YES;
				CLANG_WARN_CONSTANT_CONVERSION = YES;
				CLANG_WARN_DEPRECATED_OBJC_IMPLEMENTATIONS = YES;
				CLANG_WARN_DIRECT_OBJC_ISA_USAGE = YES_ERROR;
				CLANG_WARN_DOCUMENTATION_COMMENTS = YES;
				CLANG_WARN_EMPTY_BODY = YES;
				CLANG_WARN_ENUM_CONVERSION = YES;
				CLANG_WARN_INFINITE_RECURSION = YES;
				CLANG_WARN_INT_CONVERSION = YES;
				CLANG_WARN_NON_LITERAL_NULL_CONVERSION = YES;
				CLANG_WARN_OBJC_IMPLICIT_RETAIN_SELF = YES;
				CLANG_WARN_OBJC_LITERAL_CONVERSION = YES;
				CLANG_WARN_OBJC_ROOT_CLASS = YES_ERROR;
				CLANG_WARN_QUOTED_INCLUDE_IN_FRAMEWORK_HEADER = YES;
				CLANG_WARN_RANGE_LOOP_ANALYSIS = YES;
				CLANG_WARN_STRICT_PROTOTYPES = YES;
				CLANG_WARN_SUSPICIOUS_MOVE = YES;
				CLANG_WARN_UNGUARDED_AVAILABILITY = YES_AGGRESSIVE;
				CLANG_WARN_UNREACHABLE_CODE = YES;
				CLANG_WARN__DUPLICATE_METHOD_MATCH = YES;
				COPY_PHASE_STRIP = NO;
				DEBUG_INFORMATION_FORMAT = dwarf;
				ENABLE_STRICT_OBJC_MSGSEND = YES;
				ENABLE_TESTABILITY = YES;
				GCC_C_LANGUAGE_STANDARD = gnu11;
				GCC_DYNAMIC_NO_PIC = NO;
				GCC_NO_COMMON_BLOCKS = YES;
				GCC_OPTIMIZATION_LEVEL = 0;
				GCC_PREPROCESSOR_DEFINITIONS = (
					"DEBUG=1",
					"$(inherited)",
				);
				GCC_WARN_64_TO_32_BIT_CONVERSION = YES;
				GCC_WARN_ABOUT_RETURN_TYPE = YES_ERROR;
				GCC_WARN_UNDECLARED_SELECTOR = YES;
				GCC_WARN_UNINITIALIZED_AUTOS = YES_AGGRESSIVE;
				GCC_WARN_UNUSED_FUNCTION = YES;
				GCC_WARN_UNUSED_VARIABLE = YES;
				IPHONEOS_DEPLOYMENT_TARGET = 16.0;
				MTL_ENABLE_DEBUG_INFO = INCLUDE_SOURCE;
				MTL_FAST_MATH = YES;
				ONLY_ACTIVE_ARCH = YES;
				SDKROOT = iphoneos;
				SWIFT_ACTIVE_COMPILATION_CONDITIONS = DEBUG;
				SWIFT_OPTIMIZATION_LEVEL = "-Onone";
			};
			name = Debug;
		};
		F677DA702931308E00C862BE /* Release */ = {
			isa = XCBuildConfiguration;
			buildSettings = {
				ALWAYS_SEARCH_USER_PATHS = NO;
				CLANG_ANALYZER_NONNULL = YES;
				CLANG_ANALYZER_NUMBER_OBJECT_CONVERSION = YES_AGGRESSIVE;
				CLANG_CXX_LANGUAGE_STANDARD = "gnu++20";
				CLANG_ENABLE_MODULES = YES;
				CLANG_ENABLE_OBJC_ARC = YES;
				CLANG_ENABLE_OBJC_WEAK = YES;
				CLANG_WARN_BLOCK_CAPTURE_AUTORELEASING = YES;
				CLANG_WARN_BOOL_CONVERSION = YES;
				CLANG_WARN_COMMA = YES;
				CLANG_WARN_CONSTANT_CONVERSION = YES;
				CLANG_WARN_DEPRECATED_OBJC_IMPLEMENTATIONS = YES;
				CLANG_WARN_DIRECT_OBJC_ISA_USAGE = YES_ERROR;
				CLANG_WARN_DOCUMENTATION_COMMENTS = YES;
				CLANG_WARN_EMPTY_BODY = YES;
				CLANG_WARN_ENUM_CONVERSION = YES;
				CLANG_WARN_INFINITE_RECURSION = YES;
				CLANG_WARN_INT_CONVERSION = YES;
				CLANG_WARN_NON_LITERAL_NULL_CONVERSION = YES;
				CLANG_WARN_OBJC_IMPLICIT_RETAIN_SELF = YES;
				CLANG_WARN_OBJC_LITERAL_CONVERSION = YES;
				CLANG_WARN_OBJC_ROOT_CLASS = YES_ERROR;
				CLANG_WARN_QUOTED_INCLUDE_IN_FRAMEWORK_HEADER = YES;
				CLANG_WARN_RANGE_LOOP_ANALYSIS = YES;
				CLANG_WARN_STRICT_PROTOTYPES = YES;
				CLANG_WARN_SUSPICIOUS_MOVE = YES;
				CLANG_WARN_UNGUARDED_AVAILABILITY = YES_AGGRESSIVE;
				CLANG_WARN_UNREACHABLE_CODE = YES;
				CLANG_WARN__DUPLICATE_METHOD_MATCH = YES;
				COPY_PHASE_STRIP = NO;
				DEBUG_INFORMATION_FORMAT = "dwarf-with-dsym";
				ENABLE_NS_ASSERTIONS = NO;
				ENABLE_STRICT_OBJC_MSGSEND = YES;
				GCC_C_LANGUAGE_STANDARD = gnu11;
				GCC_NO_COMMON_BLOCKS = YES;
				GCC_WARN_64_TO_32_BIT_CONVERSION = YES;
				GCC_WARN_ABOUT_RETURN_TYPE = YES_ERROR;
				GCC_WARN_UNDECLARED_SELECTOR = YES;
				GCC_WARN_UNINITIALIZED_AUTOS = YES_AGGRESSIVE;
				GCC_WARN_UNUSED_FUNCTION = YES;
				GCC_WARN_UNUSED_VARIABLE = YES;
				IPHONEOS_DEPLOYMENT_TARGET = 16.0;
				MTL_ENABLE_DEBUG_INFO = NO;
				MTL_FAST_MATH = YES;
				SDKROOT = iphoneos;
				SWIFT_COMPILATION_MODE = wholemodule;
				SWIFT_OPTIMIZATION_LEVEL = "-O";
				VALIDATE_PRODUCT = YES;
			};
			name = Release;
		};
		F677DA722931308E00C862BE /* Debug */ = {
			isa = XCBuildConfiguration;
			buildSettings = {
				ASSETCATALOG_COMPILER_APPICON_NAME = AppIcon;
				ASSETCATALOG_COMPILER_GLOBAL_ACCENT_COLOR_NAME = AccentColor;
				CODE_SIGN_STYLE = Automatic;
				CURRENT_PROJECT_VERSION = 1;
				GENERATE_INFOPLIST_FILE = YES;
				INFOPLIST_FILE = Pokedex2/Info.plist;
				INFOPLIST_KEY_UIApplicationSupportsIndirectInputEvents = YES;
				INFOPLIST_KEY_UILaunchStoryboardName = LaunchScreen;
				INFOPLIST_KEY_UIMainStoryboardFile = Main;
				INFOPLIST_KEY_UISupportedInterfaceOrientations_iPad = "UIInterfaceOrientationPortrait UIInterfaceOrientationPortraitUpsideDown UIInterfaceOrientationLandscapeLeft UIInterfaceOrientationLandscapeRight";
				INFOPLIST_KEY_UISupportedInterfaceOrientations_iPhone = "UIInterfaceOrientationPortrait UIInterfaceOrientationLandscapeLeft UIInterfaceOrientationLandscapeRight";
				LD_RUNPATH_SEARCH_PATHS = (
					"$(inherited)",
					"@executable_path/Frameworks",
				);
				MARKETING_VERSION = 1.0;
				PRODUCT_BUNDLE_IDENTIFIER = com.rocket.programa.Pokedex2;
				PRODUCT_NAME = "$(TARGET_NAME)";
				SWIFT_EMIT_LOC_STRINGS = YES;
				SWIFT_VERSION = 5.0;
				TARGETED_DEVICE_FAMILY = "1,2";
			};
			name = Debug;
		};
		F677DA732931308E00C862BE /* Release */ = {
			isa = XCBuildConfiguration;
			buildSettings = {
				ASSETCATALOG_COMPILER_APPICON_NAME = AppIcon;
				ASSETCATALOG_COMPILER_GLOBAL_ACCENT_COLOR_NAME = AccentColor;
				CODE_SIGN_STYLE = Automatic;
				CURRENT_PROJECT_VERSION = 1;
				GENERATE_INFOPLIST_FILE = YES;
				INFOPLIST_FILE = Pokedex2/Info.plist;
				INFOPLIST_KEY_UIApplicationSupportsIndirectInputEvents = YES;
				INFOPLIST_KEY_UILaunchStoryboardName = LaunchScreen;
				INFOPLIST_KEY_UIMainStoryboardFile = Main;
				INFOPLIST_KEY_UISupportedInterfaceOrientations_iPad = "UIInterfaceOrientationPortrait UIInterfaceOrientationPortraitUpsideDown UIInterfaceOrientationLandscapeLeft UIInterfaceOrientationLandscapeRight";
				INFOPLIST_KEY_UISupportedInterfaceOrientations_iPhone = "UIInterfaceOrientationPortrait UIInterfaceOrientationLandscapeLeft UIInterfaceOrientationLandscapeRight";
				LD_RUNPATH_SEARCH_PATHS = (
					"$(inherited)",
					"@executable_path/Frameworks",
				);
				MARKETING_VERSION = 1.0;
				PRODUCT_BUNDLE_IDENTIFIER = com.rocket.programa.Pokedex2;
				PRODUCT_NAME = "$(TARGET_NAME)";
				SWIFT_EMIT_LOC_STRINGS = YES;
				SWIFT_VERSION = 5.0;
				TARGETED_DEVICE_FAMILY = "1,2";
			};
			name = Release;
		};
/* End XCBuildConfiguration section */

/* Begin XCConfigurationList section */
		F677DA582931308D00C862BE /* Build configuration list for PBXProject "Pokedex2" */ = {
			isa = XCConfigurationList;
			buildConfigurations = (
				F677DA6F2931308E00C862BE /* Debug */,
				F677DA702931308E00C862BE /* Release */,
			);
			defaultConfigurationIsVisible = 0;
			defaultConfigurationName = Release;
		};
		F677DA712931308E00C862BE /* Build configuration list for PBXNativeTarget "Pokedex2" */ = {
			isa = XCConfigurationList;
			buildConfigurations = (
				F677DA722931308E00C862BE /* Debug */,
				F677DA732931308E00C862BE /* Release */,
			);
			defaultConfigurationIsVisible = 0;
			defaultConfigurationName = Release;
		};
/* End XCConfigurationList section */
	};
	rootObject = F677DA552931308D00C862BE /* Project object */;
}
